
Microsoft Visual Studio Solution File, Format Version 12.00
# Visual Studio Version 16
VisualStudioVersion = 16.0.31515.178
MinimumVisualStudioVersion = 10.0.40219.1
Project("{FAE04EC0-301F-11D3-BF4B-00C04F79EFBC}") = "EmployeeService", "EmployeeService\EmployeeService.csproj", "{2631940D-4AF4-4880-8266-B846204794EF}"
EndProject
Global
	GlobalSection(SolutionConfigurationPlatforms) = preSolution
		Debug|Any CPU = Debug|Any CPU
		Release|Any CPU = Release|Any CPU
	EndGlobalSection
	GlobalSection(ProjectConfigurationPlatforms) = postSolution
		{2631940D-4AF4-4880-8266-B846204794EF}.Debug|Any CPU.ActiveCfg = Debug|Any CPU
		{2631940D-4AF4-4880-8266-B846204794EF}.Debug|Any CPU.Build.0 = Debug|Any CPU
		{2631940D-4AF4-4880-8266-B846204794EF}.Release|Any CPU.ActiveCfg = Release|Any CPU
		{2631940D-4AF4-4880-8266-B846204794EF}.Release|Any CPU.Build.0 = Release|Any CPU
	EndGlobalSection
	GlobalSection(SolutionProperties) = preSolution
		HideSolutionNode = FALSE
	EndGlobalSection
	GlobalSection(ExtensibilityGlobals) = postSolution
		SolutionGuid = {A79B4B15-159A-4E09-B264-FA779DB79677}
	EndGlobalSection
EndGlobal
